
Microsoft Visual Studio Solution File, Format Version 12.00
# Visual Studio Version 17
VisualStudioVersion = 17.5.2.0
MinimumVisualStudioVersion = 10.0.40219.1
Project("{FAE04EC0-301F-11D3-BF4B-00C04F79EFBC}") = "GaussJordanSolver", "GaussJordanSolver\GaussJordanSolver.csproj", "{E08C07F0-924E-B6F0-B2A1-336C41C04234}"
EndProject
Global
	GlobalSection(SolutionConfigurationPlatforms) = preSolution
		Debug|Any CPU = Debug|Any CPU
		Release|Any CPU = Release|Any CPU
	EndGlobalSection
	GlobalSection(ProjectConfigurationPlatforms) = postSolution
		{E08C07F0-924E-B6F0-B2A1-336C41C04234}.Debug|Any CPU.ActiveCfg = Debug|Any CPU
		{E08C07F0-924E-B6F0-B2A1-336C41C04234}.Debug|Any CPU.Build.0 = Debug|Any CPU
		{E08C07F0-924E-B6F0-B2A1-336C41C04234}.Release|Any CPU.ActiveCfg = Release|Any CPU
		{E08C07F0-924E-B6F0-B2A1-336C41C04234}.Release|Any CPU.Build.0 = Release|Any CPU
	EndGlobalSection
	GlobalSection(SolutionProperties) = preSolution
		HideSolutionNode = FALSE
	EndGlobalSection
	GlobalSection(ExtensibilityGlobals) = postSolution
		SolutionGuid = {DB58BF7C-9990-4A93-8A72-56819FC9D422}
	EndGlobalSection
EndGlobal
